
Microsoft Visual Studio Solution File, Format Version 12.00
# Visual Studio Version 17
VisualStudioVersion = 17.13.35931.197 d17.13
MinimumVisualStudioVersion = 10.0.40219.1
Project("{FAE04EC0-301F-11D3-BF4B-00C04F79EFBC}") = "Running_Gravity", "Running_Gravity\Running_Gravity.csproj", "{0F4F956D-705E-49C4-B71B-57020FC5B1CA}"
EndProject
Global
	GlobalSection(SolutionConfigurationPlatforms) = preSolution
		Debug|Any CPU = Debug|Any CPU
		Release|Any CPU = Release|Any CPU
	EndGlobalSection
	GlobalSection(ProjectConfigurationPlatforms) = postSolution
		{0F4F956D-705E-49C4-B71B-57020FC5B1CA}.Debug|Any CPU.ActiveCfg = Debug|Any CPU
		{0F4F956D-705E-49C4-B71B-57020FC5B1CA}.Debug|Any CPU.Build.0 = Debug|Any CPU
		{0F4F956D-705E-49C4-B71B-57020FC5B1CA}.Release|Any CPU.ActiveCfg = Release|Any CPU
		{0F4F956D-705E-49C4-B71B-57020FC5B1CA}.Release|Any CPU.Build.0 = Release|Any CPU
	EndGlobalSection
	GlobalSection(SolutionProperties) = preSolution
		HideSolutionNode = FALSE
	EndGlobalSection
	GlobalSection(ExtensibilityGlobals) = postSolution
		SolutionGuid = {14B24DAF-D770-4869-BF67-0042A623AA07}
	EndGlobalSection
EndGlobal
